// !$*UTF8*$!
{
	archiveVersion = 1;
	classes = {
	};
	objectVersion = 46;
	objects = {

/* Begin PBXBuildFile section */
		B18756391EA2ECCC00D7A474 /* PlayerViewController.swift in Sources */ = {isa = PBXBuildFile; fileRef = B18756381EA2ECCC00D7A474 /* PlayerViewController.swift */; };
		B1D951551E6BB1D5006D1E5B /* AppDelegate.swift in Sources */ = {isa = PBXBuildFile; fileRef = B1D951541E6BB1D5006D1E5B /* AppDelegate.swift */; };
		B1D9515A1E6BB1D5006D1E5B /* Main.storyboard in Resources */ = {isa = PBXBuildFile; fileRef = B1D951581E6BB1D5006D1E5B /* Main.storyboard */; };
		B1D9515C1E6BB1D5006D1E5B /* Assets.xcassets in Resources */ = {isa = PBXBuildFile; fileRef = B1D9515B1E6BB1D5006D1E5B /* Assets.xcassets */; };
		B1D9515F1E6BB1D5006D1E5B /* LaunchScreen.storyboard in Resources */ = {isa = PBXBuildFile; fileRef = B1D9515D1E6BB1D5006D1E5B /* LaunchScreen.storyboard */; };
		B1D951671E6BB26F006D1E5B /* PhotoyuraKit.framework in Frameworks */ = {isa = PBXBuildFile; fileRef = B1D951661E6BB26F006D1E5B /* PhotoyuraKit.framework */; };
		B1D951681E6BB26F006D1E5B /* PhotoyuraKit.framework in Embed Frameworks */ = {isa = PBXBuildFile; fileRef = B1D951661E6BB26F006D1E5B /* PhotoyuraKit.framework */; settings = {ATTRIBUTES = (CodeSignOnCopy, RemoveHeadersOnCopy, ); }; };
		B1D951A21E7CDB65006D1E5B /* LibraryViewController.swift in Sources */ = {isa = PBXBuildFile; fileRef = B1D951A11E7CDB65006D1E5B /* LibraryViewController.swift */; };
		B1D951A41E7CDC7B006D1E5B /* AlbumViewController.swift in Sources */ = {isa = PBXBuildFile; fileRef = B1D951A31E7CDC7B006D1E5B /* AlbumViewController.swift */; };
		B1D951A61E7CDD3F006D1E5B /* AlbumPhotoCell.swift in Sources */ = {isa = PBXBuildFile; fileRef = B1D951A51E7CDD3F006D1E5B /* AlbumPhotoCell.swift */; };
		B1EFCFCF1E7D570A00C8708E /* ImageViewController.swift in Sources */ = {isa = PBXBuildFile; fileRef = B1EFCFCE1E7D570A00C8708E /* ImageViewController.swift */; };
		B1EFCFD11E7D69EA00C8708E /* LivePhotoViewController.swift in Sources */ = {isa = PBXBuildFile; fileRef = B1EFCFD01E7D69EA00C8708E /* LivePhotoViewController.swift */; };
/* End PBXBuildFile section */

/* Begin PBXContainerItemProxy section */
		B1D951711E6BB2A2006D1E5B /* PBXContainerItemProxy */ = {
			isa = PBXContainerItemProxy;
			containerPortal = B1D9516A1E6BB2A2006D1E5B /* PhotoyuraKit.xcodeproj */;
			proxyType = 2;
			remoteGlobalIDString = B1D951061E6BA9B4006D1E5B;
			remoteInfo = "PhotoyuraKit-iOS";
		};
		B1D951731E6BB2A2006D1E5B /* PBXContainerItemProxy */ = {
			isa = PBXContainerItemProxy;
			containerPortal = B1D9516A1E6BB2A2006D1E5B /* PhotoyuraKit.xcodeproj */;
			proxyType = 2;
			remoteGlobalIDString = B1D9510F1E6BA9B4006D1E5B;
			remoteInfo = "PhotoyuraKit-iOSTests";
		};
		B1D951751E6BB2A2006D1E5B /* PBXContainerItemProxy */ = {
			isa = PBXContainerItemProxy;
			containerPortal = B1D9516A1E6BB2A2006D1E5B /* PhotoyuraKit.xcodeproj */;
			proxyType = 2;
			remoteGlobalIDString = B1D951231E6BAA53006D1E5B;
			remoteInfo = "PhotoyuraKit-macOS";
		};
		B1D951771E6BB2A2006D1E5B /* PBXContainerItemProxy */ = {
			isa = PBXContainerItemProxy;
			containerPortal = B1D9516A1E6BB2A2006D1E5B /* PhotoyuraKit.xcodeproj */;
			proxyType = 2;
			remoteGlobalIDString = B1D9512B1E6BAA53006D1E5B;
			remoteInfo = "PhotoyuraKit-macOSTests";
		};
		B1D951791E6BB2B0006D1E5B /* PBXContainerItemProxy */ = {
			isa = PBXContainerItemProxy;
			containerPortal = B1D9516A1E6BB2A2006D1E5B /* PhotoyuraKit.xcodeproj */;
			proxyType = 1;
			remoteGlobalIDString = B1D951051E6BA9B4006D1E5B;
			remoteInfo = "PhotoyuraKit-iOS";
		};
/* End PBXContainerItemProxy section */

/* Begin PBXCopyFilesBuildPhase section */
		B1D951691E6BB26F006D1E5B /* Embed Frameworks */ = {
			isa = PBXCopyFilesBuildPhase;
			buildActionMask = 2147483647;
			dstPath = "";
			dstSubfolderSpec = 10;
			files = (
				B1D951681E6BB26F006D1E5B /* PhotoyuraKit.framework in Embed Frameworks */,
			);
			name = "Embed Frameworks";
			runOnlyForDeploymentPostprocessing = 0;
		};
/* End PBXCopyFilesBuildPhase section */

/* Begin PBXFileReference section */
		B18756381EA2ECCC00D7A474 /* PlayerViewController.swift */ = {isa = PBXFileReference; fileEncoding = 4; lastKnownFileType = sourcecode.swift; path = PlayerViewController.swift; sourceTree = "<group>"; };
		B1D951511E6BB1D5006D1E5B /* Example-iOS.app */ = {isa = PBXFileReference; explicitFileType = wrapper.application; includeInIndex = 0; path = "Example-iOS.app"; sourceTree = BUILT_PRODUCTS_DIR; };
		B1D951541E6BB1D5006D1E5B /* AppDelegate.swift */ = {isa = PBXFileReference; lastKnownFileType = sourcecode.swift; path = AppDelegate.swift; sourceTree = "<group>"; };
		B1D951591E6BB1D5006D1E5B /* Base */ = {isa = PBXFileReference; lastKnownFileType = file.storyboard; name = Base; path = Base.lproj/Main.storyboard; sourceTree = "<group>"; };
		B1D9515B1E6BB1D5006D1E5B /* Assets.xcassets */ = {isa = PBXFileReference; lastKnownFileType = folder.assetcatalog; path = Assets.xcassets; sourceTree = "<group>"; };
		B1D9515E1E6BB1D5006D1E5B /* Base */ = {isa = PBXFileReference; lastKnownFileType = file.storyboard; name = Base; path = Base.lproj/LaunchScreen.storyboard; sourceTree = "<group>"; };
		B1D951601E6BB1D5006D1E5B /* Info.plist */ = {isa = PBXFileReference; lastKnownFileType = text.plist.xml; path = Info.plist; sourceTree = "<group>"; };
		B1D951661E6BB26F006D1E5B /* PhotoyuraKit.framework */ = {isa = PBXFileReference; explicitFileType = wrapper.framework; path = PhotoyuraKit.framework; sourceTree = BUILT_PRODUCTS_DIR; };
		B1D9516A1E6BB2A2006D1E5B /* PhotoyuraKit.xcodeproj */ = {isa = PBXFileReference; lastKnownFileType = "wrapper.pb-project"; name = PhotoyuraKit.xcodeproj; path = ../PhotoyuraKit.xcodeproj; sourceTree = "<group>"; };
		B1D951A11E7CDB65006D1E5B /* LibraryViewController.swift */ = {isa = PBXFileReference; fileEncoding = 4; lastKnownFileType = sourcecode.swift; path = LibraryViewController.swift; sourceTree = "<group>"; };
		B1D951A31E7CDC7B006D1E5B /* AlbumViewController.swift */ = {isa = PBXFileReference; fileEncoding = 4; lastKnownFileType = sourcecode.swift; path = AlbumViewController.swift; sourceTree = "<group>"; };
		B1D951A51E7CDD3F006D1E5B /* AlbumPhotoCell.swift */ = {isa = PBXFileReference; fileEncoding = 4; lastKnownFileType = sourcecode.swift; path = AlbumPhotoCell.swift; sourceTree = "<group>"; };
		B1EFCFCE1E7D570A00C8708E /* ImageViewController.swift */ = {isa = PBXFileReference; fileEncoding = 4; lastKnownFileType = sourcecode.swift; path = ImageViewController.swift; sourceTree = "<group>"; };
		B1EFCFD01E7D69EA00C8708E /* LivePhotoViewController.swift */ = {isa = PBXFileReference; fileEncoding = 4; lastKnownFileType = sourcecode.swift; path = LivePhotoViewController.swift; sourceTree = "<group>"; };
/* End PBXFileReference section */

/* Begin PBXFrameworksBuildPhase section */
		B1D9514E1E6BB1D5006D1E5B /* Frameworks */ = {
			isa = PBXFrameworksBuildPhase;
			buildActionMask = 2147483647;
			files = (
				B1D951671E6BB26F006D1E5B /* PhotoyuraKit.framework in Frameworks */,
			);
			runOnlyForDeploymentPostprocessing = 0;
		};
/* End PBXFrameworksBuildPhase section */

/* Begin PBXGroup section */
		B1D951481E6BB1D5006D1E5B = {
			isa = PBXGroup;
			children = (
				B1D951531E6BB1D5006D1E5B /* Example-iOS */,
				B1D9517B1E6BB2C7006D1E5B /* Dependencies */,
				B1D951521E6BB1D5006D1E5B /* Products */,
			);
			sourceTree = "<group>";
		};
		B1D951521E6BB1D5006D1E5B /* Products */ = {
			isa = PBXGroup;
			children = (
				B1D951511E6BB1D5006D1E5B /* Example-iOS.app */,
			);
			name = Products;
			sourceTree = "<group>";
		};
		B1D951531E6BB1D5006D1E5B /* Example-iOS */ = {
			isa = PBXGroup;
			children = (
				B1D951541E6BB1D5006D1E5B /* AppDelegate.swift */,
				B1D951581E6BB1D5006D1E5B /* Main.storyboard */,
				B1D9515B1E6BB1D5006D1E5B /* Assets.xcassets */,
				B1D9515D1E6BB1D5006D1E5B /* LaunchScreen.storyboard */,
				B1D951601E6BB1D5006D1E5B /* Info.plist */,
				B1D951A11E7CDB65006D1E5B /* LibraryViewController.swift */,
				B1D951A31E7CDC7B006D1E5B /* AlbumViewController.swift */,
				B1D951A51E7CDD3F006D1E5B /* AlbumPhotoCell.swift */,
				B1EFCFCE1E7D570A00C8708E /* ImageViewController.swift */,
				B1EFCFD01E7D69EA00C8708E /* LivePhotoViewController.swift */,
				B18756381EA2ECCC00D7A474 /* PlayerViewController.swift */,
			);
			path = "Example-iOS";
			sourceTree = "<group>";
		};
		B1D9516B1E6BB2A2006D1E5B /* Products */ = {
			isa = PBXGroup;
			children = (
				B1D951721E6BB2A2006D1E5B /* PhotoyuraKit.framework */,
				B1D951741E6BB2A2006D1E5B /* PhotoyuraKitTests_iOS.xctest */,
				B1D951761E6BB2A2006D1E5B /* PhotoyuraKit.framework */,
				B1D951781E6BB2A2006D1E5B /* PhotoyuraKitTests_macOS.xctest */,
			);
			name = Products;
			sourceTree = "<group>";
		};
		B1D9517B1E6BB2C7006D1E5B /* Dependencies */ = {
			isa = PBXGroup;
			children = (
				B1D9516A1E6BB2A2006D1E5B /* PhotoyuraKit.xcodeproj */,
				B1D951661E6BB26F006D1E5B /* PhotoyuraKit.framework */,
			);
			name = Dependencies;
			sourceTree = "<group>";
		};
/* End PBXGroup section */

/* Begin PBXNativeTarget section */
		B1D951501E6BB1D5006D1E5B /* Example-iOS */ = {
			isa = PBXNativeTarget;
			buildConfigurationList = B1D951631E6BB1D5006D1E5B /* Build configuration list for PBXNativeTarget "Example-iOS" */;
			buildPhases = (
				B1D9514D1E6BB1D5006D1E5B /* Sources */,
				B1D9514E1E6BB1D5006D1E5B /* Frameworks */,
				B1D9514F1E6BB1D5006D1E5B /* Resources */,
				B1D951691E6BB26F006D1E5B /* Embed Frameworks */,
			);
			buildRules = (
			);
			dependencies = (
				B1D9517A1E6BB2B0006D1E5B /* PBXTargetDependency */,
			);
			name = "Example-iOS";
			productName = "Example-iOS";
			productReference = B1D951511E6BB1D5006D1E5B /* Example-iOS.app */;
			productType = "com.apple.product-type.application";
		};
/* End PBXNativeTarget section */

/* Begin PBXProject section */
		B1D951491E6BB1D5006D1E5B /* Project object */ = {
			isa = PBXProject;
			attributes = {
				LastSwiftUpdateCheck = 0820;
				LastUpgradeCheck = 0820;
				ORGANIZATIONNAME = imk2o;
				TargetAttributes = {
					B1D951501E6BB1D5006D1E5B = {
						CreatedOnToolsVersion = 8.2;
						DevelopmentTeam = 427QQ329ZX;
						ProvisioningStyle = Manual;
					};
				};
			};
			buildConfigurationList = B1D9514C1E6BB1D5006D1E5B /* Build configuration list for PBXProject "Example-iOS" */;
			compatibilityVersion = "Xcode 3.2";
			developmentRegion = English;
			hasScannedForEncodings = 0;
			knownRegions = (
				en,
				Base,
			);
			mainGroup = B1D951481E6BB1D5006D1E5B;
			productRefGroup = B1D951521E6BB1D5006D1E5B /* Products */;
			projectDirPath = "";
			projectReferences = (
				{
					ProductGroup = B1D9516B1E6BB2A2006D1E5B /* Products */;
					ProjectRef = B1D9516A1E6BB2A2006D1E5B /* PhotoyuraKit.xcodeproj */;
				},
			);
			projectRoot = "";
			targets = (
				B1D951501E6BB1D5006D1E5B /* Example-iOS */,
			);
		};
/* End PBXProject section */

/* Begin PBXReferenceProxy section */
		B1D951721E6BB2A2006D1E5B /* PhotoyuraKit.framework */ = {
			isa = PBXReferenceProxy;
			fileType = wrapper.framework;
			path = PhotoyuraKit.framework;
			remoteRef = B1D951711E6BB2A2006D1E5B /* PBXContainerItemProxy */;
			sourceTree = BUILT_PRODUCTS_DIR;
		};
		B1D951741E6BB2A2006D1E5B /* PhotoyuraKitTests_iOS.xctest */ = {
			isa = PBXReferenceProxy;
			fileType = wrapper.cfbundle;
			path = PhotoyuraKitTests_iOS.xctest;
			remoteRef = B1D951731E6BB2A2006D1E5B /* PBXContainerItemProxy */;
			sourceTree = BUILT_PRODUCTS_DIR;
		};
		B1D951761E6BB2A2006D1E5B /* PhotoyuraKit.framework */ = {
			isa = PBXReferenceProxy;
			fileType = wrapper.framework;
			path = PhotoyuraKit.framework;
			remoteRef = B1D951751E6BB2A2006D1E5B /* PBXContainerItemProxy */;
			sourceTree = BUILT_PRODUCTS_DIR;
		};
		B1D951781E6BB2A2006D1E5B /* PhotoyuraKitTests_macOS.xctest */ = {
			isa = PBXReferenceProxy;
			fileType = wrapper.cfbundle;
			path = PhotoyuraKitTests_macOS.xctest;
			remoteRef = B1D951771E6BB2A2006D1E5B /* PBXContainerItemProxy */;
			sourceTree = BUILT_PRODUCTS_DIR;
		};
/* End PBXReferenceProxy section */

/* Begin PBXResourcesBuildPhase section */
		B1D9514F1E6BB1D5006D1E5B /* Resources */ = {
			isa = PBXResourcesBuildPhase;
			buildActionMask = 2147483647;
			files = (
				B1D9515F1E6BB1D5006D1E5B /* LaunchScreen.storyboard in Resources */,
				B1D9515C1E6BB1D5006D1E5B /* Assets.xcassets in Resources */,
				B1D9515A1E6BB1D5006D1E5B /* Main.storyboard in Resources */,
			);
			runOnlyForDeploymentPostprocessing = 0;
		};
/* End PBXResourcesBuildPhase section */

/* Begin PBXSourcesBuildPhase section */
		B1D9514D1E6BB1D5006D1E5B /* Sources */ = {
			isa = PBXSourcesBuildPhase;
			buildActionMask = 2147483647;
			files = (
				B1D951A41E7CDC7B006D1E5B /* AlbumViewController.swift in Sources */,
				B1D951A21E7CDB65006D1E5B /* LibraryViewController.swift in Sources */,
				B1EFCFCF1E7D570A00C8708E /* ImageViewController.swift in Sources */,
				B18756391EA2ECCC00D7A474 /* PlayerViewController.swift in Sources */,
				B1EFCFD11E7D69EA00C8708E /* LivePhotoViewController.swift in Sources */,
				B1D951A61E7CDD3F006D1E5B /* AlbumPhotoCell.swift in Sources */,
				B1D951551E6BB1D5006D1E5B /* AppDelegate.swift in Sources */,
			);
			runOnlyForDeploymentPostprocessing = 0;
		};
/* End PBXSourcesBuildPhase section */

/* Begin PBXTargetDependency section */
		B1D9517A1E6BB2B0006D1E5B /* PBXTargetDependency */ = {
			isa = PBXTargetDependency;
			name = "PhotoyuraKit-iOS";
			targetProxy = B1D951791E6BB2B0006D1E5B /* PBXContainerItemProxy */;
		};
/* End PBXTargetDependency section */

/* Begin PBXVariantGroup section */
		B1D951581E6BB1D5006D1E5B /* Main.storyboard */ = {
			isa = PBXVariantGroup;
			children = (
				B1D951591E6BB1D5006D1E5B /* Base */,
			);
			name = Main.storyboard;
			sourceTree = "<group>";
		};
		B1D9515D1E6BB1D5006D1E5B /* LaunchScreen.storyboard */ = {
			isa = PBXVariantGroup;
			children = (
				B1D9515E1E6BB1D5006D1E5B /* Base */,
			);
			name = LaunchScreen.storyboard;
			sourceTree = "<group>";
		};
/* End PBXVariantGroup section */

/* Begin XCBuildConfiguration section */
		B1D951611E6BB1D5006D1E5B /* Debug */ = {
			isa = XCBuildConfiguration;
			buildSettings = {
				ALWAYS_SEARCH_USER_PATHS = NO;
				CLANG_ANALYZER_NONNULL = YES;
				CLANG_CXX_LANGUAGE_STANDARD = "gnu++0x";
				CLANG_CXX_LIBRARY = "libc++";
				CLANG_ENABLE_MODULES = YES;
				CLANG_ENABLE_OBJC_ARC = YES;
				CLANG_WARN_BOOL_CONVERSION = YES;
				CLANG_WARN_CONSTANT_CONVERSION = YES;
				CLANG_WARN_DIRECT_OBJC_ISA_USAGE = YES_ERROR;
				CLANG_WARN_DOCUMENTATION_COMMENTS = YES;
				CLANG_WARN_EMPTY_BODY = YES;
				CLANG_WARN_ENUM_CONVERSION = YES;
				CLANG_WARN_INFINITE_RECURSION = YES;
				CLANG_WARN_INT_CONVERSION = YES;
				CLANG_WARN_OBJC_ROOT_CLASS = YES_ERROR;
				CLANG_WARN_SUSPICIOUS_MOVE = YES;
				CLANG_WARN_UNREACHABLE_CODE = YES;
				CLANG_WARN__DUPLICATE_METHOD_MATCH = YES;
				"CODE_SIGN_IDENTITY[sdk=iphoneos*]" = "iPhone Developer";
				COPY_PHASE_STRIP = NO;
				DEBUG_INFORMATION_FORMAT = dwarf;
				ENABLE_STRICT_OBJC_MSGSEND = YES;
				ENABLE_TESTABILITY = YES;
				GCC_C_LANGUAGE_STANDARD = gnu99;
				GCC_DYNAMIC_NO_PIC = NO;
				GCC_NO_COMMON_BLOCKS = YES;
				GCC_OPTIMIZATION_LEVEL = 0;
				GCC_PREPROCESSOR_DEFINITIONS = (
					"DEBUG=1",
					"$(inherited)",
				);
				GCC_WARN_64_TO_32_BIT_CONVERSION = YES;
				GCC_WARN_ABOUT_RETURN_TYPE = YES_ERROR;
				GCC_WARN_UNDECLARED_SELECTOR = YES;
				GCC_WARN_UNINITIALIZED_AUTOS = YES_AGGRESSIVE;
				GCC_WARN_UNUSED_FUNCTION = YES;
				GCC_WARN_UNUSED_VARIABLE = YES;
				IPHONEOS_DEPLOYMENT_TARGET = 10.2;
				MTL_ENABLE_DEBUG_INFO = YES;
				ONLY_ACTIVE_ARCH = YES;
				SDKROOT = iphoneos;
				SWIFT_ACTIVE_COMPILATION_CONDITIONS = DEBUG;
				SWIFT_OPTIMIZATION_LEVEL = "-Onone";
			};
			name = Debug;
		};
		B1D951621E6BB1D5006D1E5B /* Release */ = {
			isa = XCBuildConfiguration;
			buildSettings = {
				ALWAYS_SEARCH_USER_PATHS = NO;
				CLANG_ANALYZER_NONNULL = YES;
				CLANG_CXX_LANGUAGE_STANDARD = "gnu++0x";
				CLANG_CXX_LIBRARY = "libc++";
				CLANG_ENABLE_MODULES = YES;
				CLANG_ENABLE_OBJC_ARC = YES;
				CLANG_WARN_BOOL_CONVERSION = YES;
				CLANG_WARN_CONSTANT_CONVERSION = YES;
				CLANG_WARN_DIRECT_OBJC_ISA_USAGE = YES_ERROR;
				CLANG_WARN_DOCUMENTATION_COMMENTS = YES;
				CLANG_WARN_EMPTY_BODY = YES;
				CLANG_WARN_ENUM_CONVERSION = YES;
				CLANG_WARN_INFINITE_RECURSION = YES;
				CLANG_WARN_INT_CONVERSION = YES;
				CLANG_WARN_OBJC_ROOT_CLASS = YES_ERROR;
				CLANG_WARN_SUSPICIOUS_MOVE = YES;
				CLANG_WARN_UNREACHABLE_CODE = YES;
				CLANG_WARN__DUPLICATE_METHOD_MATCH = YES;
				"CODE_SIGN_IDENTITY[sdk=iphoneos*]" = "iPhone Developer";
				COPY_PHASE_STRIP = NO;
				DEBUG_INFORMATION_FORMAT = "dwarf-with-dsym";
				ENABLE_NS_ASSERTIONS = NO;
				ENABLE_STRICT_OBJC_MSGSEND = YES;
				GCC_C_LANGUAGE_STANDARD = gnu99;
				GCC_NO_COMMON_BLOCKS = YES;
				GCC_WARN_64_TO_32_BIT_CONVERSION = YES;
				GCC_WARN_ABOUT_RETURN_TYPE = YES_ERROR;
				GCC_WARN_UNDECLARED_SELECTOR = YES;
				GCC_WARN_UNINITIALIZED_AUTOS = YES_AGGRESSIVE;
				GCC_WARN_UNUSED_FUNCTION = YES;
				GCC_WARN_UNUSED_VARIABLE = YES;
				IPHONEOS_DEPLOYMENT_TARGET = 10.2;
				MTL_ENABLE_DEBUG_INFO = NO;
				SDKROOT = iphoneos;
				SWIFT_OPTIMIZATION_LEVEL = "-Owholemodule";
				VALIDATE_PRODUCT = YES;
			};
			name = Release;
		};
		B1D951641E6BB1D5006D1E5B /* Debug */ = {
			isa = XCBuildConfiguration;
			buildSettings = {
				ASSETCATALOG_COMPILER_APPICON_NAME = AppIcon;
				DEVELOPMENT_TEAM = 427QQ329ZX;
				INFOPLIST_FILE = "Example-iOS/Info.plist";
				IPHONEOS_DEPLOYMENT_TARGET = 10.0;
				LD_RUNPATH_SEARCH_PATHS = "$(inherited) @executable_path/Frameworks";
				PRODUCT_BUNDLE_IDENTIFIER = "co.imk2o.PhotoyuraKit.Example-iOS";
				PRODUCT_NAME = "$(TARGET_NAME)";
				PROVISIONING_PROFILE = "a466d7fe-54c4-47f7-97f9-08301d91bfee";
				PROVISIONING_PROFILE_SPECIFIER = Wildcard;
				SWIFT_VERSION = 3.0;
			};
			name = Debug;
		};
		B1D951651E6BB1D5006D1E5B /* Release */ = {
			isa = XCBuildConfiguration;
			buildSettings = {
				ASSETCATALOG_COMPILER_APPICON_NAME = AppIcon;
				DEVELOPMENT_TEAM = "";
				INFOPLIST_FILE = "Example-iOS/Info.plist";
				IPHONEOS_DEPLOYMENT_TARGET = 10.0;
				LD_RUNPATH_SEARCH_PATHS = "$(inherited) @executable_path/Frameworks";
				PRODUCT_BUNDLE_IDENTIFIER = "co.imk2o.PhotoyuraKit.Example-iOS";
				PRODUCT_NAME = "$(TARGET_NAME)";
				SWIFT_VERSION = 3.0;
			};
			name = Release;
		};
/* End XCBuildConfiguration section */

/* Begin XCConfigurationList section */
		B1D9514C1E6BB1D5006D1E5B /* Build configuration list for PBXProject "Example-iOS" */ = {
			isa = XCConfigurationList;
			buildConfigurations = (
				B1D951611E6BB1D5006D1E5B /* Debug */,
				B1D951621E6BB1D5006D1E5B /* Release */,
			);
			defaultConfigurationIsVisible = 0;
			defaultConfigurationName = Release;
		};
		B1D951631E6BB1D5006D1E5B /* Build configuration list for PBXNativeTarget "Example-iOS" */ = {
			isa = XCConfigurationList;
			buildConfigurations = (
				B1D951641E6BB1D5006D1E5B /* Debug */,
				B1D951651E6BB1D5006D1E5B /* Release */,
			);
			defaultConfigurationIsVisible = 0;
			defaultConfigurationName = Release;
		};
/* End XCConfigurationList section */
	};
	rootObject = B1D951491E6BB1D5006D1E5B /* Project object */;
}
