// !$*UTF8*$!
{
	archiveVersion = 1;
	classes = {
	};
	objectVersion = 46;
	objects = {

/* Begin PBXGroup section */
		B1D950FA1E6BA906006D1E5B = {
			isa = PBXGroup;
			children = (
			);
			sourceTree = "<group>";
		};
/* End PBXGroup section */

/* Begin PBXProject section */
		B1D950FB1E6BA906006D1E5B /* Project object */ = {
			isa = PBXProject;
			attributes = {
				LastUpgradeCheck = 0820;
			};
			buildConfigurationList = B1D950FE1E6BA906006D1E5B /* Build configuration list for PBXProject "PhotoyuraKit" */;
			compatibilityVersion = "Xcode 3.2";
			developmentRegion = English;
			hasScannedForEncodings = 0;
			knownRegions = (
				en,
			);
			mainGroup = B1D950FA1E6BA906006D1E5B;
			projectDirPath = "";
			projectRoot = "";
			targets = (
			);
		};
/* End PBXProject section */

/* Begin XCBuildConfiguration section */
		B1D950FF1E6BA906006D1E5B /* Debug */ = {
			isa = XCBuildConfiguration;
			buildSettings = {
			};
			name = Debug;
		};
		B1D951001E6BA906006D1E5B /* Release */ = {
			isa = XCBuildConfiguration;
			buildSettings = {
			};
			name = Release;
		};
/* End XCBuildConfiguration section */

/* Begin XCConfigurationList section */
		B1D950FE1E6BA906006D1E5B /* Build configuration list for PBXProject "PhotoyuraKit" */ = {
			isa = XCConfigurationList;
			buildConfigurations = (
				B1D950FF1E6BA906006D1E5B /* Debug */,
				B1D951001E6BA906006D1E5B /* Release */,
			);
			defaultConfigurationIsVisible = 0;
			defaultConfigurationName = Release;
		};
/* End XCConfigurationList section */
	};
	rootObject = B1D950FB1E6BA906006D1E5B /* Project object */;
}
