// !$*UTF8*$!
{
	archiveVersion = 1;
	classes = {
	};
	objectVersion = 46;
	objects = {

/* Begin PBXBuildFile section */
		B1D951101E6BA9B4006D1E5B /* PhotoyuraKit.framework in Frameworks */ = {isa = PBXBuildFile; fileRef = B1D951061E6BA9B4006D1E5B /* PhotoyuraKit.framework */; };
		B1D9512C1E6BAA53006D1E5B /* PhotoyuraKit.framework in Frameworks */ = {isa = PBXBuildFile; fileRef = B1D951231E6BAA53006D1E5B /* PhotoyuraKit.framework */; };
		B1D9513F1E6BAB5D006D1E5B /* PhotoyuraKit.h in Headers */ = {isa = PBXBuildFile; fileRef = B1D9513D1E6BAB5D006D1E5B /* PhotoyuraKit.h */; settings = {ATTRIBUTES = (Public, ); }; };
		B1D951441E6BACCB006D1E5B /* PhotoyuraKitTests.swift in Sources */ = {isa = PBXBuildFile; fileRef = B1D951411E6BAB99006D1E5B /* PhotoyuraKitTests.swift */; };
		B1D951451E6BAD5D006D1E5B /* PhotoyuraKit.h in Headers */ = {isa = PBXBuildFile; fileRef = B1D9513D1E6BAB5D006D1E5B /* PhotoyuraKit.h */; settings = {ATTRIBUTES = (Public, ); }; };
		B1D951461E6BAD6D006D1E5B /* PhotoyuraKitTests.swift in Sources */ = {isa = PBXBuildFile; fileRef = B1D951411E6BAB99006D1E5B /* PhotoyuraKitTests.swift */; };
		B1D9517E1E750C5A006D1E5B /* PhotoLibraryContentsLoader.swift in Sources */ = {isa = PBXBuildFile; fileRef = B1D9517D1E750C5A006D1E5B /* PhotoLibraryContentsLoader.swift */; };
		B1D951801E750CE4006D1E5B /* Result.swift in Sources */ = {isa = PBXBuildFile; fileRef = B1D9517F1E750CE4006D1E5B /* Result.swift */; };
		B1D951821E750D9D006D1E5B /* PhotoAlbum.swift in Sources */ = {isa = PBXBuildFile; fileRef = B1D951811E750D9D006D1E5B /* PhotoAlbum.swift */; };
		B1D951841E750DF3006D1E5B /* PhotoAlbumContentsLoader.swift in Sources */ = {isa = PBXBuildFile; fileRef = B1D951831E750DF3006D1E5B /* PhotoAlbumContentsLoader.swift */; };
		B1D951861E750E54006D1E5B /* Photo.swift in Sources */ = {isa = PBXBuildFile; fileRef = B1D951851E750E54006D1E5B /* Photo.swift */; };
		B1D951881E750ECF006D1E5B /* PhotoContentLoader.swift in Sources */ = {isa = PBXBuildFile; fileRef = B1D951871E750ECF006D1E5B /* PhotoContentLoader.swift */; };
		B1D951901E751345006D1E5B /* PhotoLibraryAuthorization.swift in Sources */ = {isa = PBXBuildFile; fileRef = B1D9518F1E751345006D1E5B /* PhotoLibraryAuthorization.swift */; };
		B1D951921E751848006D1E5B /* PhotoLibrary.swift in Sources */ = {isa = PBXBuildFile; fileRef = B1D951911E751848006D1E5B /* PhotoLibrary.swift */; };
		B1D951971E752150006D1E5B /* SystemPhotoLibraryAuthorization.swift in Sources */ = {isa = PBXBuildFile; fileRef = B1D951961E752150006D1E5B /* SystemPhotoLibraryAuthorization.swift */; };
		B1D951991E752418006D1E5B /* SystemPhotoLibraryContentsLoader.swift in Sources */ = {isa = PBXBuildFile; fileRef = B1D951981E752418006D1E5B /* SystemPhotoLibraryContentsLoader.swift */; };
		B1D9519B1E752846006D1E5B /* SystemPhotoAlbumContentsLoader.swift in Sources */ = {isa = PBXBuildFile; fileRef = B1D9519A1E752846006D1E5B /* SystemPhotoAlbumContentsLoader.swift */; };
		B1D9519D1E752BE4006D1E5B /* SystemPhotoContentLoader.swift in Sources */ = {isa = PBXBuildFile; fileRef = B1D9519C1E752BE4006D1E5B /* SystemPhotoContentLoader.swift */; };
/* End PBXBuildFile section */

/* Begin PBXContainerItemProxy section */
		B1D951111E6BA9B4006D1E5B /* PBXContainerItemProxy */ = {
			isa = PBXContainerItemProxy;
			containerPortal = B1D950FB1E6BA906006D1E5B /* Project object */;
			proxyType = 1;
			remoteGlobalIDString = B1D951051E6BA9B4006D1E5B;
			remoteInfo = "PhotoyuraKit-iOS";
		};
		B1D9512D1E6BAA53006D1E5B /* PBXContainerItemProxy */ = {
			isa = PBXContainerItemProxy;
			containerPortal = B1D950FB1E6BA906006D1E5B /* Project object */;
			proxyType = 1;
			remoteGlobalIDString = B1D951221E6BAA53006D1E5B;
			remoteInfo = "PhotoyuraKit-macOS";
		};
/* End PBXContainerItemProxy section */

/* Begin PBXFileReference section */
		B1D951061E6BA9B4006D1E5B /* PhotoyuraKit.framework */ = {isa = PBXFileReference; explicitFileType = wrapper.framework; includeInIndex = 0; path = PhotoyuraKit.framework; sourceTree = BUILT_PRODUCTS_DIR; };
		B1D9510F1E6BA9B4006D1E5B /* PhotoyuraKitTests_iOS.xctest */ = {isa = PBXFileReference; explicitFileType = wrapper.cfbundle; includeInIndex = 0; path = PhotoyuraKitTests_iOS.xctest; sourceTree = BUILT_PRODUCTS_DIR; };
		B1D951231E6BAA53006D1E5B /* PhotoyuraKit.framework */ = {isa = PBXFileReference; explicitFileType = wrapper.framework; includeInIndex = 0; path = PhotoyuraKit.framework; sourceTree = BUILT_PRODUCTS_DIR; };
		B1D9512B1E6BAA53006D1E5B /* PhotoyuraKitTests_macOS.xctest */ = {isa = PBXFileReference; explicitFileType = wrapper.cfbundle; includeInIndex = 0; path = PhotoyuraKitTests_macOS.xctest; sourceTree = BUILT_PRODUCTS_DIR; };
		B1D9513C1E6BAB5D006D1E5B /* Info.plist */ = {isa = PBXFileReference; fileEncoding = 4; lastKnownFileType = text.plist.xml; name = Info.plist; path = Sources/Info.plist; sourceTree = "<group>"; };
		B1D9513D1E6BAB5D006D1E5B /* PhotoyuraKit.h */ = {isa = PBXFileReference; fileEncoding = 4; lastKnownFileType = sourcecode.c.h; name = PhotoyuraKit.h; path = Sources/PhotoyuraKit.h; sourceTree = "<group>"; };
		B1D951401E6BAB99006D1E5B /* Info.plist */ = {isa = PBXFileReference; fileEncoding = 4; lastKnownFileType = text.plist.xml; name = Info.plist; path = Tests/Info.plist; sourceTree = "<group>"; };
		B1D951411E6BAB99006D1E5B /* PhotoyuraKitTests.swift */ = {isa = PBXFileReference; fileEncoding = 4; lastKnownFileType = sourcecode.swift; name = PhotoyuraKitTests.swift; path = Tests/PhotoyuraKitTests.swift; sourceTree = "<group>"; };
		B1D9517D1E750C5A006D1E5B /* PhotoLibraryContentsLoader.swift */ = {isa = PBXFileReference; fileEncoding = 4; lastKnownFileType = sourcecode.swift; name = PhotoLibraryContentsLoader.swift; path = Sources/PhotoLibraryContentsLoader.swift; sourceTree = "<group>"; };
		B1D9517F1E750CE4006D1E5B /* Result.swift */ = {isa = PBXFileReference; fileEncoding = 4; lastKnownFileType = sourcecode.swift; name = Result.swift; path = Sources/Result.swift; sourceTree = "<group>"; };
		B1D951811E750D9D006D1E5B /* PhotoAlbum.swift */ = {isa = PBXFileReference; fileEncoding = 4; lastKnownFileType = sourcecode.swift; name = PhotoAlbum.swift; path = Sources/PhotoAlbum.swift; sourceTree = "<group>"; };
		B1D951831E750DF3006D1E5B /* PhotoAlbumContentsLoader.swift */ = {isa = PBXFileReference; fileEncoding = 4; lastKnownFileType = sourcecode.swift; name = PhotoAlbumContentsLoader.swift; path = Sources/PhotoAlbumContentsLoader.swift; sourceTree = "<group>"; };
		B1D951851E750E54006D1E5B /* Photo.swift */ = {isa = PBXFileReference; fileEncoding = 4; lastKnownFileType = sourcecode.swift; name = Photo.swift; path = Sources/Photo.swift; sourceTree = "<group>"; };
		B1D951871E750ECF006D1E5B /* PhotoContentLoader.swift */ = {isa = PBXFileReference; fileEncoding = 4; lastKnownFileType = sourcecode.swift; name = PhotoContentLoader.swift; path = Sources/PhotoContentLoader.swift; sourceTree = "<group>"; };
		B1D9518F1E751345006D1E5B /* PhotoLibraryAuthorization.swift */ = {isa = PBXFileReference; fileEncoding = 4; lastKnownFileType = sourcecode.swift; name = PhotoLibraryAuthorization.swift; path = Sources/PhotoLibraryAuthorization.swift; sourceTree = "<group>"; };
		B1D951911E751848006D1E5B /* PhotoLibrary.swift */ = {isa = PBXFileReference; fileEncoding = 4; lastKnownFileType = sourcecode.swift; name = PhotoLibrary.swift; path = Sources/PhotoLibrary.swift; sourceTree = "<group>"; };
		B1D951961E752150006D1E5B /* SystemPhotoLibraryAuthorization.swift */ = {isa = PBXFileReference; fileEncoding = 4; lastKnownFileType = sourcecode.swift; name = SystemPhotoLibraryAuthorization.swift; path = Sources/SystemPhotoLibraryAuthorization.swift; sourceTree = "<group>"; };
		B1D951981E752418006D1E5B /* SystemPhotoLibraryContentsLoader.swift */ = {isa = PBXFileReference; fileEncoding = 4; lastKnownFileType = sourcecode.swift; name = SystemPhotoLibraryContentsLoader.swift; path = Sources/SystemPhotoLibraryContentsLoader.swift; sourceTree = "<group>"; };
		B1D9519A1E752846006D1E5B /* SystemPhotoAlbumContentsLoader.swift */ = {isa = PBXFileReference; fileEncoding = 4; lastKnownFileType = sourcecode.swift; name = SystemPhotoAlbumContentsLoader.swift; path = Sources/SystemPhotoAlbumContentsLoader.swift; sourceTree = "<group>"; };
		B1D9519C1E752BE4006D1E5B /* SystemPhotoContentLoader.swift */ = {isa = PBXFileReference; fileEncoding = 4; lastKnownFileType = sourcecode.swift; name = SystemPhotoContentLoader.swift; path = Sources/SystemPhotoContentLoader.swift; sourceTree = "<group>"; };
/* End PBXFileReference section */

/* Begin PBXFrameworksBuildPhase section */
		B1D951021E6BA9B4006D1E5B /* Frameworks */ = {
			isa = PBXFrameworksBuildPhase;
			buildActionMask = 2147483647;
			files = (
			);
			runOnlyForDeploymentPostprocessing = 0;
		};
		B1D9510C1E6BA9B4006D1E5B /* Frameworks */ = {
			isa = PBXFrameworksBuildPhase;
			buildActionMask = 2147483647;
			files = (
				B1D951101E6BA9B4006D1E5B /* PhotoyuraKit.framework in Frameworks */,
			);
			runOnlyForDeploymentPostprocessing = 0;
		};
		B1D9511F1E6BAA53006D1E5B /* Frameworks */ = {
			isa = PBXFrameworksBuildPhase;
			buildActionMask = 2147483647;
			files = (
			);
			runOnlyForDeploymentPostprocessing = 0;
		};
		B1D951281E6BAA53006D1E5B /* Frameworks */ = {
			isa = PBXFrameworksBuildPhase;
			buildActionMask = 2147483647;
			files = (
				B1D9512C1E6BAA53006D1E5B /* PhotoyuraKit.framework in Frameworks */,
			);
			runOnlyForDeploymentPostprocessing = 0;
		};
/* End PBXFrameworksBuildPhase section */

/* Begin PBXGroup section */
		B1D950FA1E6BA906006D1E5B = {
			isa = PBXGroup;
			children = (
				B1D9513A1E6BAB43006D1E5B /* Sources */,
				B1D9513B1E6BAB48006D1E5B /* Tests */,
				B1D951071E6BA9B4006D1E5B /* Products */,
			);
			sourceTree = "<group>";
		};
		B1D951071E6BA9B4006D1E5B /* Products */ = {
			isa = PBXGroup;
			children = (
				B1D951061E6BA9B4006D1E5B /* PhotoyuraKit.framework */,
				B1D9510F1E6BA9B4006D1E5B /* PhotoyuraKitTests_iOS.xctest */,
				B1D951231E6BAA53006D1E5B /* PhotoyuraKit.framework */,
				B1D9512B1E6BAA53006D1E5B /* PhotoyuraKitTests_macOS.xctest */,
			);
			name = Products;
			sourceTree = "<group>";
		};
		B1D9513A1E6BAB43006D1E5B /* Sources */ = {
			isa = PBXGroup;
			children = (
				B1D9518B1E750FEC006D1E5B /* Common */,
				B1D9518E1E75131F006D1E5B /* Authorization */,
				B1D9518C1E751013006D1E5B /* Loader */,
				B1D9518D1E751037006D1E5B /* Model */,
				B1D951951E752109006D1E5B /* System */,
				B1D951471E6BAE1B006D1E5B /* Supporting FIles */,
			);
			name = Sources;
			sourceTree = "<group>";
		};
		B1D9513B1E6BAB48006D1E5B /* Tests */ = {
			isa = PBXGroup;
			children = (
				B1D951401E6BAB99006D1E5B /* Info.plist */,
				B1D951411E6BAB99006D1E5B /* PhotoyuraKitTests.swift */,
			);
			name = Tests;
			sourceTree = "<group>";
		};
		B1D951471E6BAE1B006D1E5B /* Supporting FIles */ = {
			isa = PBXGroup;
			children = (
				B1D9513C1E6BAB5D006D1E5B /* Info.plist */,
				B1D9513D1E6BAB5D006D1E5B /* PhotoyuraKit.h */,
			);
			name = "Supporting FIles";
			sourceTree = "<group>";
		};
		B1D9518B1E750FEC006D1E5B /* Common */ = {
			isa = PBXGroup;
			children = (
				B1D9517F1E750CE4006D1E5B /* Result.swift */,
			);
			name = Common;
			sourceTree = "<group>";
		};
		B1D9518C1E751013006D1E5B /* Loader */ = {
			isa = PBXGroup;
			children = (
				B1D9517D1E750C5A006D1E5B /* PhotoLibraryContentsLoader.swift */,
				B1D951831E750DF3006D1E5B /* PhotoAlbumContentsLoader.swift */,
				B1D951871E750ECF006D1E5B /* PhotoContentLoader.swift */,
			);
			name = Loader;
			sourceTree = "<group>";
		};
		B1D9518D1E751037006D1E5B /* Model */ = {
			isa = PBXGroup;
			children = (
				B1D951911E751848006D1E5B /* PhotoLibrary.swift */,
				B1D951811E750D9D006D1E5B /* PhotoAlbum.swift */,
				B1D951851E750E54006D1E5B /* Photo.swift */,
			);
			name = Model;
			sourceTree = "<group>";
		};
		B1D9518E1E75131F006D1E5B /* Authorization */ = {
			isa = PBXGroup;
			children = (
				B1D9518F1E751345006D1E5B /* PhotoLibraryAuthorization.swift */,
			);
			name = Authorization;
			sourceTree = "<group>";
		};
		B1D951951E752109006D1E5B /* System */ = {
			isa = PBXGroup;
			children = (
				B1D951961E752150006D1E5B /* SystemPhotoLibraryAuthorization.swift */,
				B1D951981E752418006D1E5B /* SystemPhotoLibraryContentsLoader.swift */,
				B1D9519A1E752846006D1E5B /* SystemPhotoAlbumContentsLoader.swift */,
				B1D9519C1E752BE4006D1E5B /* SystemPhotoContentLoader.swift */,
			);
			name = System;
			sourceTree = "<group>";
		};
/* End PBXGroup section */

/* Begin PBXHeadersBuildPhase section */
		B1D951031E6BA9B4006D1E5B /* Headers */ = {
			isa = PBXHeadersBuildPhase;
			buildActionMask = 2147483647;
			files = (
				B1D9513F1E6BAB5D006D1E5B /* PhotoyuraKit.h in Headers */,
			);
			runOnlyForDeploymentPostprocessing = 0;
		};
		B1D951201E6BAA53006D1E5B /* Headers */ = {
			isa = PBXHeadersBuildPhase;
			buildActionMask = 2147483647;
			files = (
				B1D951451E6BAD5D006D1E5B /* PhotoyuraKit.h in Headers */,
			);
			runOnlyForDeploymentPostprocessing = 0;
		};
/* End PBXHeadersBuildPhase section */

/* Begin PBXNativeTarget section */
		B1D951051E6BA9B4006D1E5B /* PhotoyuraKit-iOS */ = {
			isa = PBXNativeTarget;
			buildConfigurationList = B1D951181E6BA9B4006D1E5B /* Build configuration list for PBXNativeTarget "PhotoyuraKit-iOS" */;
			buildPhases = (
				B1D951011E6BA9B4006D1E5B /* Sources */,
				B1D951021E6BA9B4006D1E5B /* Frameworks */,
				B1D951031E6BA9B4006D1E5B /* Headers */,
				B1D951041E6BA9B4006D1E5B /* Resources */,
			);
			buildRules = (
			);
			dependencies = (
			);
			name = "PhotoyuraKit-iOS";
			productName = "PhotoyuraKit-iOS";
			productReference = B1D951061E6BA9B4006D1E5B /* PhotoyuraKit.framework */;
			productType = "com.apple.product-type.framework";
		};
		B1D9510E1E6BA9B4006D1E5B /* PhotoyuraKit-iOSTests */ = {
			isa = PBXNativeTarget;
			buildConfigurationList = B1D9511B1E6BA9B4006D1E5B /* Build configuration list for PBXNativeTarget "PhotoyuraKit-iOSTests" */;
			buildPhases = (
				B1D9510B1E6BA9B4006D1E5B /* Sources */,
				B1D9510C1E6BA9B4006D1E5B /* Frameworks */,
				B1D9510D1E6BA9B4006D1E5B /* Resources */,
			);
			buildRules = (
			);
			dependencies = (
				B1D951121E6BA9B4006D1E5B /* PBXTargetDependency */,
			);
			name = "PhotoyuraKit-iOSTests";
			productName = "PhotoyuraKit-iOSTests";
			productReference = B1D9510F1E6BA9B4006D1E5B /* PhotoyuraKitTests_iOS.xctest */;
			productType = "com.apple.product-type.bundle.unit-test";
		};
		B1D951221E6BAA53006D1E5B /* PhotoyuraKit-macOS */ = {
			isa = PBXNativeTarget;
			buildConfigurationList = B1D951341E6BAA53006D1E5B /* Build configuration list for PBXNativeTarget "PhotoyuraKit-macOS" */;
			buildPhases = (
				B1D9511E1E6BAA53006D1E5B /* Sources */,
				B1D9511F1E6BAA53006D1E5B /* Frameworks */,
				B1D951201E6BAA53006D1E5B /* Headers */,
				B1D951211E6BAA53006D1E5B /* Resources */,
			);
			buildRules = (
			);
			dependencies = (
			);
			name = "PhotoyuraKit-macOS";
			productName = "PhotoyuraKit-macOS";
			productReference = B1D951231E6BAA53006D1E5B /* PhotoyuraKit.framework */;
			productType = "com.apple.product-type.framework";
		};
		B1D9512A1E6BAA53006D1E5B /* PhotoyuraKit-macOSTests */ = {
			isa = PBXNativeTarget;
			buildConfigurationList = B1D951371E6BAA53006D1E5B /* Build configuration list for PBXNativeTarget "PhotoyuraKit-macOSTests" */;
			buildPhases = (
				B1D951271E6BAA53006D1E5B /* Sources */,
				B1D951281E6BAA53006D1E5B /* Frameworks */,
				B1D951291E6BAA53006D1E5B /* Resources */,
			);
			buildRules = (
			);
			dependencies = (
				B1D9512E1E6BAA53006D1E5B /* PBXTargetDependency */,
			);
			name = "PhotoyuraKit-macOSTests";
			productName = "PhotoyuraKit-macOSTests";
			productReference = B1D9512B1E6BAA53006D1E5B /* PhotoyuraKitTests_macOS.xctest */;
			productType = "com.apple.product-type.bundle.unit-test";
		};
/* End PBXNativeTarget section */

/* Begin PBXProject section */
		B1D950FB1E6BA906006D1E5B /* Project object */ = {
			isa = PBXProject;
			attributes = {
				LastSwiftUpdateCheck = 0820;
				LastUpgradeCheck = 0820;
				TargetAttributes = {
					B1D951051E6BA9B4006D1E5B = {
						CreatedOnToolsVersion = 8.2;
						DevelopmentTeam = 427QQ329ZX;
						LastSwiftMigration = 0820;
						ProvisioningStyle = Automatic;
					};
					B1D9510E1E6BA9B4006D1E5B = {
						CreatedOnToolsVersion = 8.2;
						DevelopmentTeam = 427QQ329ZX;
						ProvisioningStyle = Automatic;
					};
					B1D951221E6BAA53006D1E5B = {
						CreatedOnToolsVersion = 8.2;
						DevelopmentTeam = 427QQ329ZX;
						ProvisioningStyle = Automatic;
					};
					B1D9512A1E6BAA53006D1E5B = {
						CreatedOnToolsVersion = 8.2;
						DevelopmentTeam = 427QQ329ZX;
						ProvisioningStyle = Automatic;
					};
				};
			};
			buildConfigurationList = B1D950FE1E6BA906006D1E5B /* Build configuration list for PBXProject "PhotoyuraKit" */;
			compatibilityVersion = "Xcode 3.2";
			developmentRegion = English;
			hasScannedForEncodings = 0;
			knownRegions = (
				en,
			);
			mainGroup = B1D950FA1E6BA906006D1E5B;
			productRefGroup = B1D951071E6BA9B4006D1E5B /* Products */;
			projectDirPath = "";
			projectRoot = "";
			targets = (
				B1D951051E6BA9B4006D1E5B /* PhotoyuraKit-iOS */,
				B1D9510E1E6BA9B4006D1E5B /* PhotoyuraKit-iOSTests */,
				B1D951221E6BAA53006D1E5B /* PhotoyuraKit-macOS */,
				B1D9512A1E6BAA53006D1E5B /* PhotoyuraKit-macOSTests */,
			);
		};
/* End PBXProject section */

/* Begin PBXResourcesBuildPhase section */
		B1D951041E6BA9B4006D1E5B /* Resources */ = {
			isa = PBXResourcesBuildPhase;
			buildActionMask = 2147483647;
			files = (
			);
			runOnlyForDeploymentPostprocessing = 0;
		};
		B1D9510D1E6BA9B4006D1E5B /* Resources */ = {
			isa = PBXResourcesBuildPhase;
			buildActionMask = 2147483647;
			files = (
			);
			runOnlyForDeploymentPostprocessing = 0;
		};
		B1D951211E6BAA53006D1E5B /* Resources */ = {
			isa = PBXResourcesBuildPhase;
			buildActionMask = 2147483647;
			files = (
			);
			runOnlyForDeploymentPostprocessing = 0;
		};
		B1D951291E6BAA53006D1E5B /* Resources */ = {
			isa = PBXResourcesBuildPhase;
			buildActionMask = 2147483647;
			files = (
			);
			runOnlyForDeploymentPostprocessing = 0;
		};
/* End PBXResourcesBuildPhase section */

/* Begin PBXSourcesBuildPhase section */
		B1D951011E6BA9B4006D1E5B /* Sources */ = {
			isa = PBXSourcesBuildPhase;
			buildActionMask = 2147483647;
			files = (
				B1D951801E750CE4006D1E5B /* Result.swift in Sources */,
				B1D951881E750ECF006D1E5B /* PhotoContentLoader.swift in Sources */,
				B1D9519D1E752BE4006D1E5B /* SystemPhotoContentLoader.swift in Sources */,
				B1D951971E752150006D1E5B /* SystemPhotoLibraryAuthorization.swift in Sources */,
				B1D951901E751345006D1E5B /* PhotoLibraryAuthorization.swift in Sources */,
				B1D951841E750DF3006D1E5B /* PhotoAlbumContentsLoader.swift in Sources */,
				B1D951921E751848006D1E5B /* PhotoLibrary.swift in Sources */,
				B1D9517E1E750C5A006D1E5B /* PhotoLibraryContentsLoader.swift in Sources */,
				B1D951821E750D9D006D1E5B /* PhotoAlbum.swift in Sources */,
				B1D951991E752418006D1E5B /* SystemPhotoLibraryContentsLoader.swift in Sources */,
				B1D9519B1E752846006D1E5B /* SystemPhotoAlbumContentsLoader.swift in Sources */,
				B1D951861E750E54006D1E5B /* Photo.swift in Sources */,
			);
			runOnlyForDeploymentPostprocessing = 0;
		};
		B1D9510B1E6BA9B4006D1E5B /* Sources */ = {
			isa = PBXSourcesBuildPhase;
			buildActionMask = 2147483647;
			files = (
				B1D951441E6BACCB006D1E5B /* PhotoyuraKitTests.swift in Sources */,
			);
			runOnlyForDeploymentPostprocessing = 0;
		};
		B1D9511E1E6BAA53006D1E5B /* Sources */ = {
			isa = PBXSourcesBuildPhase;
			buildActionMask = 2147483647;
			files = (
			);
			runOnlyForDeploymentPostprocessing = 0;
		};
		B1D951271E6BAA53006D1E5B /* Sources */ = {
			isa = PBXSourcesBuildPhase;
			buildActionMask = 2147483647;
			files = (
				B1D951461E6BAD6D006D1E5B /* PhotoyuraKitTests.swift in Sources */,
			);
			runOnlyForDeploymentPostprocessing = 0;
		};
/* End PBXSourcesBuildPhase section */

/* Begin PBXTargetDependency section */
		B1D951121E6BA9B4006D1E5B /* PBXTargetDependency */ = {
			isa = PBXTargetDependency;
			target = B1D951051E6BA9B4006D1E5B /* PhotoyuraKit-iOS */;
			targetProxy = B1D951111E6BA9B4006D1E5B /* PBXContainerItemProxy */;
		};
		B1D9512E1E6BAA53006D1E5B /* PBXTargetDependency */ = {
			isa = PBXTargetDependency;
			target = B1D951221E6BAA53006D1E5B /* PhotoyuraKit-macOS */;
			targetProxy = B1D9512D1E6BAA53006D1E5B /* PBXContainerItemProxy */;
		};
/* End PBXTargetDependency section */

/* Begin XCBuildConfiguration section */
		B1D950FF1E6BA906006D1E5B /* Debug */ = {
			isa = XCBuildConfiguration;
			buildSettings = {
			};
			name = Debug;
		};
		B1D951001E6BA906006D1E5B /* Release */ = {
			isa = XCBuildConfiguration;
			buildSettings = {
			};
			name = Release;
		};
		B1D951191E6BA9B4006D1E5B /* Debug */ = {
			isa = XCBuildConfiguration;
			buildSettings = {
				ALWAYS_SEARCH_USER_PATHS = NO;
				CLANG_ANALYZER_NONNULL = YES;
				CLANG_CXX_LANGUAGE_STANDARD = "gnu++0x";
				CLANG_CXX_LIBRARY = "libc++";
				CLANG_ENABLE_MODULES = YES;
				CLANG_ENABLE_OBJC_ARC = YES;
				CLANG_WARN_BOOL_CONVERSION = YES;
				CLANG_WARN_CONSTANT_CONVERSION = YES;
				CLANG_WARN_DIRECT_OBJC_ISA_USAGE = YES_ERROR;
				CLANG_WARN_DOCUMENTATION_COMMENTS = YES;
				CLANG_WARN_EMPTY_BODY = YES;
				CLANG_WARN_ENUM_CONVERSION = YES;
				CLANG_WARN_INFINITE_RECURSION = YES;
				CLANG_WARN_INT_CONVERSION = YES;
				CLANG_WARN_OBJC_ROOT_CLASS = YES_ERROR;
				CLANG_WARN_SUSPICIOUS_MOVE = YES;
				CLANG_WARN_UNREACHABLE_CODE = YES;
				CLANG_WARN__DUPLICATE_METHOD_MATCH = YES;
				CODE_SIGN_IDENTITY = "";
				"CODE_SIGN_IDENTITY[sdk=iphoneos*]" = "iPhone Developer";
				COPY_PHASE_STRIP = NO;
				CURRENT_PROJECT_VERSION = 1;
				DEBUG_INFORMATION_FORMAT = dwarf;
				DEFINES_MODULE = YES;
				DEVELOPMENT_TEAM = 427QQ329ZX;
				DYLIB_COMPATIBILITY_VERSION = 1;
				DYLIB_CURRENT_VERSION = 1;
				DYLIB_INSTALL_NAME_BASE = "@rpath";
				ENABLE_STRICT_OBJC_MSGSEND = YES;
				ENABLE_TESTABILITY = YES;
				GCC_C_LANGUAGE_STANDARD = gnu99;
				GCC_DYNAMIC_NO_PIC = NO;
				GCC_NO_COMMON_BLOCKS = YES;
				GCC_OPTIMIZATION_LEVEL = 0;
				GCC_PREPROCESSOR_DEFINITIONS = (
					"DEBUG=1",
					"$(inherited)",
				);
				GCC_WARN_64_TO_32_BIT_CONVERSION = YES;
				GCC_WARN_ABOUT_RETURN_TYPE = YES_ERROR;
				GCC_WARN_UNDECLARED_SELECTOR = YES;
				GCC_WARN_UNINITIALIZED_AUTOS = YES_AGGRESSIVE;
				GCC_WARN_UNUSED_FUNCTION = YES;
				GCC_WARN_UNUSED_VARIABLE = YES;
				INFOPLIST_FILE = Sources/Info.plist;
				INSTALL_PATH = "$(LOCAL_LIBRARY_DIR)/Frameworks";
				IPHONEOS_DEPLOYMENT_TARGET = 10.0;
				LD_RUNPATH_SEARCH_PATHS = "$(inherited) @executable_path/Frameworks @loader_path/Frameworks";
				MTL_ENABLE_DEBUG_INFO = YES;
				ONLY_ACTIVE_ARCH = YES;
				PRODUCT_BUNDLE_IDENTIFIER = co.imk2o.PhotoyuraKit;
				PRODUCT_NAME = PhotoyuraKit;
				SDKROOT = iphoneos;
				SKIP_INSTALL = YES;
				SWIFT_ACTIVE_COMPILATION_CONDITIONS = DEBUG;
				SWIFT_OPTIMIZATION_LEVEL = "-Onone";
				SWIFT_VERSION = 3.0;
				TARGETED_DEVICE_FAMILY = "1,2";
				VERSIONING_SYSTEM = "apple-generic";
				VERSION_INFO_PREFIX = "";
			};
			name = Debug;
		};
		B1D9511A1E6BA9B4006D1E5B /* Release */ = {
			isa = XCBuildConfiguration;
			buildSettings = {
				ALWAYS_SEARCH_USER_PATHS = NO;
				CLANG_ANALYZER_NONNULL = YES;
				CLANG_CXX_LANGUAGE_STANDARD = "gnu++0x";
				CLANG_CXX_LIBRARY = "libc++";
				CLANG_ENABLE_MODULES = YES;
				CLANG_ENABLE_OBJC_ARC = YES;
				CLANG_WARN_BOOL_CONVERSION = YES;
				CLANG_WARN_CONSTANT_CONVERSION = YES;
				CLANG_WARN_DIRECT_OBJC_ISA_USAGE = YES_ERROR;
				CLANG_WARN_DOCUMENTATION_COMMENTS = YES;
				CLANG_WARN_EMPTY_BODY = YES;
				CLANG_WARN_ENUM_CONVERSION = YES;
				CLANG_WARN_INFINITE_RECURSION = YES;
				CLANG_WARN_INT_CONVERSION = YES;
				CLANG_WARN_OBJC_ROOT_CLASS = YES_ERROR;
				CLANG_WARN_SUSPICIOUS_MOVE = YES;
				CLANG_WARN_UNREACHABLE_CODE = YES;
				CLANG_WARN__DUPLICATE_METHOD_MATCH = YES;
				CODE_SIGN_IDENTITY = "";
				"CODE_SIGN_IDENTITY[sdk=iphoneos*]" = "iPhone Developer";
				COPY_PHASE_STRIP = NO;
				CURRENT_PROJECT_VERSION = 1;
				DEBUG_INFORMATION_FORMAT = "dwarf-with-dsym";
				DEFINES_MODULE = YES;
				DEVELOPMENT_TEAM = 427QQ329ZX;
				DYLIB_COMPATIBILITY_VERSION = 1;
				DYLIB_CURRENT_VERSION = 1;
				DYLIB_INSTALL_NAME_BASE = "@rpath";
				ENABLE_NS_ASSERTIONS = NO;
				ENABLE_STRICT_OBJC_MSGSEND = YES;
				GCC_C_LANGUAGE_STANDARD = gnu99;
				GCC_NO_COMMON_BLOCKS = YES;
				GCC_WARN_64_TO_32_BIT_CONVERSION = YES;
				GCC_WARN_ABOUT_RETURN_TYPE = YES_ERROR;
				GCC_WARN_UNDECLARED_SELECTOR = YES;
				GCC_WARN_UNINITIALIZED_AUTOS = YES_AGGRESSIVE;
				GCC_WARN_UNUSED_FUNCTION = YES;
				GCC_WARN_UNUSED_VARIABLE = YES;
				INFOPLIST_FILE = Sources/Info.plist;
				INSTALL_PATH = "$(LOCAL_LIBRARY_DIR)/Frameworks";
				IPHONEOS_DEPLOYMENT_TARGET = 10.0;
				LD_RUNPATH_SEARCH_PATHS = "$(inherited) @executable_path/Frameworks @loader_path/Frameworks";
				MTL_ENABLE_DEBUG_INFO = NO;
				PRODUCT_BUNDLE_IDENTIFIER = co.imk2o.PhotoyuraKit;
				PRODUCT_NAME = PhotoyuraKit;
				SDKROOT = iphoneos;
				SKIP_INSTALL = YES;
				SWIFT_OPTIMIZATION_LEVEL = "-Owholemodule";
				SWIFT_VERSION = 3.0;
				TARGETED_DEVICE_FAMILY = "1,2";
				VALIDATE_PRODUCT = YES;
				VERSIONING_SYSTEM = "apple-generic";
				VERSION_INFO_PREFIX = "";
			};
			name = Release;
		};
		B1D9511C1E6BA9B4006D1E5B /* Debug */ = {
			isa = XCBuildConfiguration;
			buildSettings = {
				ALWAYS_EMBED_SWIFT_STANDARD_LIBRARIES = YES;
				ALWAYS_SEARCH_USER_PATHS = NO;
				CLANG_ANALYZER_NONNULL = YES;
				CLANG_CXX_LANGUAGE_STANDARD = "gnu++0x";
				CLANG_CXX_LIBRARY = "libc++";
				CLANG_ENABLE_MODULES = YES;
				CLANG_ENABLE_OBJC_ARC = YES;
				CLANG_WARN_BOOL_CONVERSION = YES;
				CLANG_WARN_CONSTANT_CONVERSION = YES;
				CLANG_WARN_DIRECT_OBJC_ISA_USAGE = YES_ERROR;
				CLANG_WARN_DOCUMENTATION_COMMENTS = YES;
				CLANG_WARN_EMPTY_BODY = YES;
				CLANG_WARN_ENUM_CONVERSION = YES;
				CLANG_WARN_INFINITE_RECURSION = YES;
				CLANG_WARN_INT_CONVERSION = YES;
				CLANG_WARN_OBJC_ROOT_CLASS = YES_ERROR;
				CLANG_WARN_SUSPICIOUS_MOVE = YES;
				CLANG_WARN_UNREACHABLE_CODE = YES;
				CLANG_WARN__DUPLICATE_METHOD_MATCH = YES;
				"CODE_SIGN_IDENTITY[sdk=iphoneos*]" = "iPhone Developer";
				COPY_PHASE_STRIP = NO;
				DEBUG_INFORMATION_FORMAT = dwarf;
				DEVELOPMENT_TEAM = 427QQ329ZX;
				ENABLE_STRICT_OBJC_MSGSEND = YES;
				ENABLE_TESTABILITY = YES;
				GCC_C_LANGUAGE_STANDARD = gnu99;
				GCC_DYNAMIC_NO_PIC = NO;
				GCC_NO_COMMON_BLOCKS = YES;
				GCC_OPTIMIZATION_LEVEL = 0;
				GCC_PREPROCESSOR_DEFINITIONS = (
					"DEBUG=1",
					"$(inherited)",
				);
				GCC_WARN_64_TO_32_BIT_CONVERSION = YES;
				GCC_WARN_ABOUT_RETURN_TYPE = YES_ERROR;
				GCC_WARN_UNDECLARED_SELECTOR = YES;
				GCC_WARN_UNINITIALIZED_AUTOS = YES_AGGRESSIVE;
				GCC_WARN_UNUSED_FUNCTION = YES;
				GCC_WARN_UNUSED_VARIABLE = YES;
				INFOPLIST_FILE = Sources/Info.plist;
				IPHONEOS_DEPLOYMENT_TARGET = 10.2;
				LD_RUNPATH_SEARCH_PATHS = "$(inherited) @executable_path/Frameworks @loader_path/Frameworks";
				MTL_ENABLE_DEBUG_INFO = YES;
				ONLY_ACTIVE_ARCH = YES;
				PRODUCT_BUNDLE_IDENTIFIER = co.imk2o.PhotoyuraKitTests;
				PRODUCT_NAME = PhotoyuraKitTests_iOS;
				SDKROOT = iphoneos;
				SWIFT_ACTIVE_COMPILATION_CONDITIONS = DEBUG;
				SWIFT_OPTIMIZATION_LEVEL = "-Onone";
				SWIFT_VERSION = 3.0;
			};
			name = Debug;
		};
		B1D9511D1E6BA9B4006D1E5B /* Release */ = {
			isa = XCBuildConfiguration;
			buildSettings = {
				ALWAYS_EMBED_SWIFT_STANDARD_LIBRARIES = YES;
				ALWAYS_SEARCH_USER_PATHS = NO;
				CLANG_ANALYZER_NONNULL = YES;
				CLANG_CXX_LANGUAGE_STANDARD = "gnu++0x";
				CLANG_CXX_LIBRARY = "libc++";
				CLANG_ENABLE_MODULES = YES;
				CLANG_ENABLE_OBJC_ARC = YES;
				CLANG_WARN_BOOL_CONVERSION = YES;
				CLANG_WARN_CONSTANT_CONVERSION = YES;
				CLANG_WARN_DIRECT_OBJC_ISA_USAGE = YES_ERROR;
				CLANG_WARN_DOCUMENTATION_COMMENTS = YES;
				CLANG_WARN_EMPTY_BODY = YES;
				CLANG_WARN_ENUM_CONVERSION = YES;
				CLANG_WARN_INFINITE_RECURSION = YES;
				CLANG_WARN_INT_CONVERSION = YES;
				CLANG_WARN_OBJC_ROOT_CLASS = YES_ERROR;
				CLANG_WARN_SUSPICIOUS_MOVE = YES;
				CLANG_WARN_UNREACHABLE_CODE = YES;
				CLANG_WARN__DUPLICATE_METHOD_MATCH = YES;
				"CODE_SIGN_IDENTITY[sdk=iphoneos*]" = "iPhone Developer";
				COPY_PHASE_STRIP = NO;
				DEBUG_INFORMATION_FORMAT = "dwarf-with-dsym";
				DEVELOPMENT_TEAM = 427QQ329ZX;
				ENABLE_NS_ASSERTIONS = NO;
				ENABLE_STRICT_OBJC_MSGSEND = YES;
				GCC_C_LANGUAGE_STANDARD = gnu99;
				GCC_NO_COMMON_BLOCKS = YES;
				GCC_WARN_64_TO_32_BIT_CONVERSION = YES;
				GCC_WARN_ABOUT_RETURN_TYPE = YES_ERROR;
				GCC_WARN_UNDECLARED_SELECTOR = YES;
				GCC_WARN_UNINITIALIZED_AUTOS = YES_AGGRESSIVE;
				GCC_WARN_UNUSED_FUNCTION = YES;
				GCC_WARN_UNUSED_VARIABLE = YES;
				INFOPLIST_FILE = Sources/Info.plist;
				IPHONEOS_DEPLOYMENT_TARGET = 10.2;
				LD_RUNPATH_SEARCH_PATHS = "$(inherited) @executable_path/Frameworks @loader_path/Frameworks";
				MTL_ENABLE_DEBUG_INFO = NO;
				PRODUCT_BUNDLE_IDENTIFIER = co.imk2o.PhotoyuraKitTests;
				PRODUCT_NAME = PhotoyuraKitTests_iOS;
				SDKROOT = iphoneos;
				SWIFT_OPTIMIZATION_LEVEL = "-Owholemodule";
				SWIFT_VERSION = 3.0;
				VALIDATE_PRODUCT = YES;
			};
			name = Release;
		};
		B1D951351E6BAA53006D1E5B /* Debug */ = {
			isa = XCBuildConfiguration;
			buildSettings = {
				ALWAYS_SEARCH_USER_PATHS = NO;
				CLANG_ANALYZER_NONNULL = YES;
				CLANG_CXX_LANGUAGE_STANDARD = "gnu++0x";
				CLANG_CXX_LIBRARY = "libc++";
				CLANG_ENABLE_MODULES = YES;
				CLANG_ENABLE_OBJC_ARC = YES;
				CLANG_WARN_BOOL_CONVERSION = YES;
				CLANG_WARN_CONSTANT_CONVERSION = YES;
				CLANG_WARN_DIRECT_OBJC_ISA_USAGE = YES_ERROR;
				CLANG_WARN_DOCUMENTATION_COMMENTS = YES;
				CLANG_WARN_EMPTY_BODY = YES;
				CLANG_WARN_ENUM_CONVERSION = YES;
				CLANG_WARN_INFINITE_RECURSION = YES;
				CLANG_WARN_INT_CONVERSION = YES;
				CLANG_WARN_OBJC_ROOT_CLASS = YES_ERROR;
				CLANG_WARN_SUSPICIOUS_MOVE = YES;
				CLANG_WARN_UNREACHABLE_CODE = YES;
				CLANG_WARN__DUPLICATE_METHOD_MATCH = YES;
				CODE_SIGN_IDENTITY = "-";
				COMBINE_HIDPI_IMAGES = YES;
				COPY_PHASE_STRIP = NO;
				CURRENT_PROJECT_VERSION = 1;
				DEBUG_INFORMATION_FORMAT = dwarf;
				DEFINES_MODULE = YES;
				DEVELOPMENT_TEAM = 427QQ329ZX;
				DYLIB_COMPATIBILITY_VERSION = 1;
				DYLIB_CURRENT_VERSION = 1;
				DYLIB_INSTALL_NAME_BASE = "@rpath";
				ENABLE_STRICT_OBJC_MSGSEND = YES;
				ENABLE_TESTABILITY = YES;
				FRAMEWORK_VERSION = A;
				GCC_C_LANGUAGE_STANDARD = gnu99;
				GCC_DYNAMIC_NO_PIC = NO;
				GCC_NO_COMMON_BLOCKS = YES;
				GCC_OPTIMIZATION_LEVEL = 0;
				GCC_PREPROCESSOR_DEFINITIONS = (
					"DEBUG=1",
					"$(inherited)",
				);
				GCC_WARN_64_TO_32_BIT_CONVERSION = YES;
				GCC_WARN_ABOUT_RETURN_TYPE = YES_ERROR;
				GCC_WARN_UNDECLARED_SELECTOR = YES;
				GCC_WARN_UNINITIALIZED_AUTOS = YES_AGGRESSIVE;
				GCC_WARN_UNUSED_FUNCTION = YES;
				GCC_WARN_UNUSED_VARIABLE = YES;
				INFOPLIST_FILE = Sources/Info.plist;
				INSTALL_PATH = "$(LOCAL_LIBRARY_DIR)/Frameworks";
				LD_RUNPATH_SEARCH_PATHS = "$(inherited) @executable_path/../Frameworks @loader_path/Frameworks";
				MACOSX_DEPLOYMENT_TARGET = 10.12;
				MTL_ENABLE_DEBUG_INFO = YES;
				ONLY_ACTIVE_ARCH = YES;
				PRODUCT_BUNDLE_IDENTIFIER = co.imk2o.PhotoyuraKit;
				PRODUCT_NAME = PhotoyuraKit;
				SDKROOT = macosx;
				SKIP_INSTALL = YES;
				SWIFT_ACTIVE_COMPILATION_CONDITIONS = DEBUG;
				SWIFT_OPTIMIZATION_LEVEL = "-Onone";
				SWIFT_VERSION = 3.0;
				VERSIONING_SYSTEM = "apple-generic";
				VERSION_INFO_PREFIX = "";
			};
			name = Debug;
		};
		B1D951361E6BAA53006D1E5B /* Release */ = {
			isa = XCBuildConfiguration;
			buildSettings = {
				ALWAYS_SEARCH_USER_PATHS = NO;
				CLANG_ANALYZER_NONNULL = YES;
				CLANG_CXX_LANGUAGE_STANDARD = "gnu++0x";
				CLANG_CXX_LIBRARY = "libc++";
				CLANG_ENABLE_MODULES = YES;
				CLANG_ENABLE_OBJC_ARC = YES;
				CLANG_WARN_BOOL_CONVERSION = YES;
				CLANG_WARN_CONSTANT_CONVERSION = YES;
				CLANG_WARN_DIRECT_OBJC_ISA_USAGE = YES_ERROR;
				CLANG_WARN_DOCUMENTATION_COMMENTS = YES;
				CLANG_WARN_EMPTY_BODY = YES;
				CLANG_WARN_ENUM_CONVERSION = YES;
				CLANG_WARN_INFINITE_RECURSION = YES;
				CLANG_WARN_INT_CONVERSION = YES;
				CLANG_WARN_OBJC_ROOT_CLASS = YES_ERROR;
				CLANG_WARN_SUSPICIOUS_MOVE = YES;
				CLANG_WARN_UNREACHABLE_CODE = YES;
				CLANG_WARN__DUPLICATE_METHOD_MATCH = YES;
				CODE_SIGN_IDENTITY = "-";
				COMBINE_HIDPI_IMAGES = YES;
				COPY_PHASE_STRIP = NO;
				CURRENT_PROJECT_VERSION = 1;
				DEBUG_INFORMATION_FORMAT = "dwarf-with-dsym";
				DEFINES_MODULE = YES;
				DEVELOPMENT_TEAM = 427QQ329ZX;
				DYLIB_COMPATIBILITY_VERSION = 1;
				DYLIB_CURRENT_VERSION = 1;
				DYLIB_INSTALL_NAME_BASE = "@rpath";
				ENABLE_NS_ASSERTIONS = NO;
				ENABLE_STRICT_OBJC_MSGSEND = YES;
				FRAMEWORK_VERSION = A;
				GCC_C_LANGUAGE_STANDARD = gnu99;
				GCC_NO_COMMON_BLOCKS = YES;
				GCC_WARN_64_TO_32_BIT_CONVERSION = YES;
				GCC_WARN_ABOUT_RETURN_TYPE = YES_ERROR;
				GCC_WARN_UNDECLARED_SELECTOR = YES;
				GCC_WARN_UNINITIALIZED_AUTOS = YES_AGGRESSIVE;
				GCC_WARN_UNUSED_FUNCTION = YES;
				GCC_WARN_UNUSED_VARIABLE = YES;
				INFOPLIST_FILE = Sources/Info.plist;
				INSTALL_PATH = "$(LOCAL_LIBRARY_DIR)/Frameworks";
				LD_RUNPATH_SEARCH_PATHS = "$(inherited) @executable_path/../Frameworks @loader_path/Frameworks";
				MACOSX_DEPLOYMENT_TARGET = 10.12;
				MTL_ENABLE_DEBUG_INFO = NO;
				PRODUCT_BUNDLE_IDENTIFIER = co.imk2o.PhotoyuraKit;
				PRODUCT_NAME = PhotoyuraKit;
				SDKROOT = macosx;
				SKIP_INSTALL = YES;
				SWIFT_OPTIMIZATION_LEVEL = "-Owholemodule";
				SWIFT_VERSION = 3.0;
				VERSIONING_SYSTEM = "apple-generic";
				VERSION_INFO_PREFIX = "";
			};
			name = Release;
		};
		B1D951381E6BAA53006D1E5B /* Debug */ = {
			isa = XCBuildConfiguration;
			buildSettings = {
				ALWAYS_SEARCH_USER_PATHS = NO;
				CLANG_ANALYZER_NONNULL = YES;
				CLANG_CXX_LANGUAGE_STANDARD = "gnu++0x";
				CLANG_CXX_LIBRARY = "libc++";
				CLANG_ENABLE_MODULES = YES;
				CLANG_ENABLE_OBJC_ARC = YES;
				CLANG_WARN_BOOL_CONVERSION = YES;
				CLANG_WARN_CONSTANT_CONVERSION = YES;
				CLANG_WARN_DIRECT_OBJC_ISA_USAGE = YES_ERROR;
				CLANG_WARN_DOCUMENTATION_COMMENTS = YES;
				CLANG_WARN_EMPTY_BODY = YES;
				CLANG_WARN_ENUM_CONVERSION = YES;
				CLANG_WARN_INFINITE_RECURSION = YES;
				CLANG_WARN_INT_CONVERSION = YES;
				CLANG_WARN_OBJC_ROOT_CLASS = YES_ERROR;
				CLANG_WARN_SUSPICIOUS_MOVE = YES;
				CLANG_WARN_UNREACHABLE_CODE = YES;
				CLANG_WARN__DUPLICATE_METHOD_MATCH = YES;
				CODE_SIGN_IDENTITY = "-";
				COMBINE_HIDPI_IMAGES = YES;
				COPY_PHASE_STRIP = NO;
				DEBUG_INFORMATION_FORMAT = dwarf;
				DEVELOPMENT_TEAM = 427QQ329ZX;
				ENABLE_STRICT_OBJC_MSGSEND = YES;
				ENABLE_TESTABILITY = YES;
				GCC_C_LANGUAGE_STANDARD = gnu99;
				GCC_DYNAMIC_NO_PIC = NO;
				GCC_NO_COMMON_BLOCKS = YES;
				GCC_OPTIMIZATION_LEVEL = 0;
				GCC_PREPROCESSOR_DEFINITIONS = (
					"DEBUG=1",
					"$(inherited)",
				);
				GCC_WARN_64_TO_32_BIT_CONVERSION = YES;
				GCC_WARN_ABOUT_RETURN_TYPE = YES_ERROR;
				GCC_WARN_UNDECLARED_SELECTOR = YES;
				GCC_WARN_UNINITIALIZED_AUTOS = YES_AGGRESSIVE;
				GCC_WARN_UNUSED_FUNCTION = YES;
				GCC_WARN_UNUSED_VARIABLE = YES;
				INFOPLIST_FILE = Sources/Info.plist;
				LD_RUNPATH_SEARCH_PATHS = "$(inherited) @executable_path/../Frameworks @loader_path/../Frameworks";
				MACOSX_DEPLOYMENT_TARGET = 10.12;
				MTL_ENABLE_DEBUG_INFO = YES;
				ONLY_ACTIVE_ARCH = YES;
				PRODUCT_BUNDLE_IDENTIFIER = "co.imk2o.PhotoyuraKit-macOSTests";
				PRODUCT_NAME = PhotoyuraKitTests_macOS;
				SDKROOT = macosx;
				SWIFT_ACTIVE_COMPILATION_CONDITIONS = DEBUG;
				SWIFT_OPTIMIZATION_LEVEL = "-Onone";
				SWIFT_VERSION = 3.0;
			};
			name = Debug;
		};
		B1D951391E6BAA53006D1E5B /* Release */ = {
			isa = XCBuildConfiguration;
			buildSettings = {
				ALWAYS_SEARCH_USER_PATHS = NO;
				CLANG_ANALYZER_NONNULL = YES;
				CLANG_CXX_LANGUAGE_STANDARD = "gnu++0x";
				CLANG_CXX_LIBRARY = "libc++";
				CLANG_ENABLE_MODULES = YES;
				CLANG_ENABLE_OBJC_ARC = YES;
				CLANG_WARN_BOOL_CONVERSION = YES;
				CLANG_WARN_CONSTANT_CONVERSION = YES;
				CLANG_WARN_DIRECT_OBJC_ISA_USAGE = YES_ERROR;
				CLANG_WARN_DOCUMENTATION_COMMENTS = YES;
				CLANG_WARN_EMPTY_BODY = YES;
				CLANG_WARN_ENUM_CONVERSION = YES;
				CLANG_WARN_INFINITE_RECURSION = YES;
				CLANG_WARN_INT_CONVERSION = YES;
				CLANG_WARN_OBJC_ROOT_CLASS = YES_ERROR;
				CLANG_WARN_SUSPICIOUS_MOVE = YES;
				CLANG_WARN_UNREACHABLE_CODE = YES;
				CLANG_WARN__DUPLICATE_METHOD_MATCH = YES;
				CODE_SIGN_IDENTITY = "-";
				COMBINE_HIDPI_IMAGES = YES;
				COPY_PHASE_STRIP = NO;
				DEBUG_INFORMATION_FORMAT = "dwarf-with-dsym";
				DEVELOPMENT_TEAM = 427QQ329ZX;
				ENABLE_NS_ASSERTIONS = NO;
				ENABLE_STRICT_OBJC_MSGSEND = YES;
				GCC_C_LANGUAGE_STANDARD = gnu99;
				GCC_NO_COMMON_BLOCKS = YES;
				GCC_WARN_64_TO_32_BIT_CONVERSION = YES;
				GCC_WARN_ABOUT_RETURN_TYPE = YES_ERROR;
				GCC_WARN_UNDECLARED_SELECTOR = YES;
				GCC_WARN_UNINITIALIZED_AUTOS = YES_AGGRESSIVE;
				GCC_WARN_UNUSED_FUNCTION = YES;
				GCC_WARN_UNUSED_VARIABLE = YES;
				INFOPLIST_FILE = Sources/Info.plist;
				LD_RUNPATH_SEARCH_PATHS = "$(inherited) @executable_path/../Frameworks @loader_path/../Frameworks";
				MACOSX_DEPLOYMENT_TARGET = 10.12;
				MTL_ENABLE_DEBUG_INFO = NO;
				PRODUCT_BUNDLE_IDENTIFIER = "co.imk2o.PhotoyuraKit-macOSTests";
				PRODUCT_NAME = PhotoyuraKitTests_macOS;
				SDKROOT = macosx;
				SWIFT_OPTIMIZATION_LEVEL = "-Owholemodule";
				SWIFT_VERSION = 3.0;
			};
			name = Release;
		};
/* End XCBuildConfiguration section */

/* Begin XCConfigurationList section */
		B1D950FE1E6BA906006D1E5B /* Build configuration list for PBXProject "PhotoyuraKit" */ = {
			isa = XCConfigurationList;
			buildConfigurations = (
				B1D950FF1E6BA906006D1E5B /* Debug */,
				B1D951001E6BA906006D1E5B /* Release */,
			);
			defaultConfigurationIsVisible = 0;
			defaultConfigurationName = Release;
		};
		B1D951181E6BA9B4006D1E5B /* Build configuration list for PBXNativeTarget "PhotoyuraKit-iOS" */ = {
			isa = XCConfigurationList;
			buildConfigurations = (
				B1D951191E6BA9B4006D1E5B /* Debug */,
				B1D9511A1E6BA9B4006D1E5B /* Release */,
			);
			defaultConfigurationIsVisible = 0;
			defaultConfigurationName = Release;
		};
		B1D9511B1E6BA9B4006D1E5B /* Build configuration list for PBXNativeTarget "PhotoyuraKit-iOSTests" */ = {
			isa = XCConfigurationList;
			buildConfigurations = (
				B1D9511C1E6BA9B4006D1E5B /* Debug */,
				B1D9511D1E6BA9B4006D1E5B /* Release */,
			);
			defaultConfigurationIsVisible = 0;
			defaultConfigurationName = Release;
		};
		B1D951341E6BAA53006D1E5B /* Build configuration list for PBXNativeTarget "PhotoyuraKit-macOS" */ = {
			isa = XCConfigurationList;
			buildConfigurations = (
				B1D951351E6BAA53006D1E5B /* Debug */,
				B1D951361E6BAA53006D1E5B /* Release */,
			);
			defaultConfigurationIsVisible = 0;
			defaultConfigurationName = Release;
		};
		B1D951371E6BAA53006D1E5B /* Build configuration list for PBXNativeTarget "PhotoyuraKit-macOSTests" */ = {
			isa = XCConfigurationList;
			buildConfigurations = (
				B1D951381E6BAA53006D1E5B /* Debug */,
				B1D951391E6BAA53006D1E5B /* Release */,
			);
			defaultConfigurationIsVisible = 0;
			defaultConfigurationName = Release;
		};
/* End XCConfigurationList section */
	};
	rootObject = B1D950FB1E6BA906006D1E5B /* Project object */;
}
